// !$*UTF8*$!
{
	archiveVersion = 1;
	classes = {
	};
	objectVersion = 50;
	objects = {

/* Begin PBXBuildFile section */
		C75E5CFD295E9B4500123B56 /* NetworkReachability.swift in Sources */ = {isa = PBXBuildFile; fileRef = C75E5CFC295E9B4500123B56 /* NetworkReachability.swift */; };
		C7F42546295BDB41008DBD8B /* AppDelegate.swift in Sources */ = {isa = PBXBuildFile; fileRef = C7F42545295BDB41008DBD8B /* AppDelegate.swift */; };
		C7F42548295BDB41008DBD8B /* SceneDelegate.swift in Sources */ = {isa = PBXBuildFile; fileRef = C7F42547295BDB41008DBD8B /* SceneDelegate.swift */; };
		C7F4254A295BDB41008DBD8B /* ViewController.swift in Sources */ = {isa = PBXBuildFile; fileRef = C7F42549295BDB41008DBD8B /* ViewController.swift */; };
		C7F4254D295BDB41008DBD8B /* Main.storyboard in Resources */ = {isa = PBXBuildFile; fileRef = C7F4254B295BDB41008DBD8B /* Main.storyboard */; };
		C7F4254F295BDB42008DBD8B /* Assets.xcassets in Resources */ = {isa = PBXBuildFile; fileRef = C7F4254E295BDB42008DBD8B /* Assets.xcassets */; };
		C7F42552295BDB42008DBD8B /* LaunchScreen.storyboard in Resources */ = {isa = PBXBuildFile; fileRef = C7F42550295BDB42008DBD8B /* LaunchScreen.storyboard */; };
		C7F4255A295BDCC4008DBD8B /* LocationManager.swift in Sources */ = {isa = PBXBuildFile; fileRef = C7F42559295BDCC4008DBD8B /* LocationManager.swift */; };
/* End PBXBuildFile section */

/* Begin PBXFileReference section */
		C75E5CFC295E9B4500123B56 /* NetworkReachability.swift */ = {isa = PBXFileReference; lastKnownFileType = sourcecode.swift; path = NetworkReachability.swift; sourceTree = "<group>"; };
		C7F42542295BDB41008DBD8B /* MetroAlert.app */ = {isa = PBXFileReference; explicitFileType = wrapper.application; includeInIndex = 0; path = MetroAlert.app; sourceTree = BUILT_PRODUCTS_DIR; };
		C7F42545295BDB41008DBD8B /* AppDelegate.swift */ = {isa = PBXFileReference; lastKnownFileType = sourcecode.swift; path = AppDelegate.swift; sourceTree = "<group>"; };
		C7F42547295BDB41008DBD8B /* SceneDelegate.swift */ = {isa = PBXFileReference; lastKnownFileType = sourcecode.swift; path = SceneDelegate.swift; sourceTree = "<group>"; };
		C7F42549295BDB41008DBD8B /* ViewController.swift */ = {isa = PBXFileReference; lastKnownFileType = sourcecode.swift; path = ViewController.swift; sourceTree = "<group>"; };
		C7F4254C295BDB41008DBD8B /* Base */ = {isa = PBXFileReference; lastKnownFileType = file.storyboard; name = Base; path = Base.lproj/Main.storyboard; sourceTree = "<group>"; };
		C7F4254E295BDB42008DBD8B /* Assets.xcassets */ = {isa = PBXFileReference; lastKnownFileType = folder.assetcatalog; path = Assets.xcassets; sourceTree = "<group>"; };
		C7F42551295BDB42008DBD8B /* Base */ = {isa = PBXFileReference; lastKnownFileType = file.storyboard; name = Base; path = Base.lproj/LaunchScreen.storyboard; sourceTree = "<group>"; };
		C7F42553295BDB42008DBD8B /* Info.plist */ = {isa = PBXFileReference; lastKnownFileType = text.plist.xml; path = Info.plist; sourceTree = "<group>"; };
		C7F42559295BDCC4008DBD8B /* LocationManager.swift */ = {isa = PBXFileReference; lastKnownFileType = sourcecode.swift; path = LocationManager.swift; sourceTree = "<group>"; };
/* End PBXFileReference section */

/* Begin PBXFrameworksBuildPhase section */
		C7F4253F295BDB41008DBD8B /* Frameworks */ = {
			isa = PBXFrameworksBuildPhase;
			buildActionMask = 2147483647;
			files = (
			);
			runOnlyForDeploymentPostprocessing = 0;
		};
/* End PBXFrameworksBuildPhase section */

/* Begin PBXGroup section */
		C7F42539295BDB41008DBD8B = {
			isa = PBXGroup;
			children = (
				C7F42544295BDB41008DBD8B /* MetroAlert */,
				C7F42543295BDB41008DBD8B /* Products */,
			);
			sourceTree = "<group>";
		};
		C7F42543295BDB41008DBD8B /* Products */ = {
			isa = PBXGroup;
			children = (
				C7F42542295BDB41008DBD8B /* MetroAlert.app */,
			);
			name = Products;
			sourceTree = "<group>";
		};
		C7F42544295BDB41008DBD8B /* MetroAlert */ = {
			isa = PBXGroup;
			children = (
				C7F42545295BDB41008DBD8B /* AppDelegate.swift */,
				C7F42547295BDB41008DBD8B /* SceneDelegate.swift */,
				C7F42549295BDB41008DBD8B /* ViewController.swift */,
				C7F4254B295BDB41008DBD8B /* Main.storyboard */,
				C7F4254E295BDB42008DBD8B /* Assets.xcassets */,
				C7F42550295BDB42008DBD8B /* LaunchScreen.storyboard */,
				C7F42553295BDB42008DBD8B /* Info.plist */,
				C7F42559295BDCC4008DBD8B /* LocationManager.swift */,
				C75E5CFC295E9B4500123B56 /* NetworkReachability.swift */,
			);
			path = MetroAlert;
			sourceTree = "<group>";
		};
/* End PBXGroup section */

/* Begin PBXNativeTarget section */
		C7F42541295BDB41008DBD8B /* MetroAlert */ = {
			isa = PBXNativeTarget;
			buildConfigurationList = C7F42556295BDB42008DBD8B /* Build configuration list for PBXNativeTarget "MetroAlert" */;
			buildPhases = (
				C7F4253E295BDB41008DBD8B /* Sources */,
				C7F4253F295BDB41008DBD8B /* Frameworks */,
				C7F42540295BDB41008DBD8B /* Resources */,
			);
			buildRules = (
			);
			dependencies = (
			);
			name = MetroAlert;
			productName = MetroAlert;
			productReference = C7F42542295BDB41008DBD8B /* MetroAlert.app */;
			productType = "com.apple.product-type.application";
		};
/* End PBXNativeTarget section */

/* Begin PBXProject section */
		C7F4253A295BDB41008DBD8B /* Project object */ = {
			isa = PBXProject;
			attributes = {
				LastSwiftUpdateCheck = 1250;
				LastUpgradeCheck = 1250;
				TargetAttributes = {
					C7F42541295BDB41008DBD8B = {
						CreatedOnToolsVersion = 12.5.1;
					};
				};
			};
			buildConfigurationList = C7F4253D295BDB41008DBD8B /* Build configuration list for PBXProject "MetroAlert" */;
			compatibilityVersion = "Xcode 9.3";
			developmentRegion = en;
			hasScannedForEncodings = 0;
			knownRegions = (
				en,
				Base,
			);
			mainGroup = C7F42539295BDB41008DBD8B;
			productRefGroup = C7F42543295BDB41008DBD8B /* Products */;
			projectDirPath = "";
			projectRoot = "";
			targets = (
				C7F42541295BDB41008DBD8B /* MetroAlert */,
			);
		};
/* End PBXProject section */

/* Begin PBXResourcesBuildPhase section */
		C7F42540295BDB41008DBD8B /* Resources */ = {
			isa = PBXResourcesBuildPhase;
			buildActionMask = 2147483647;
			files = (
				C7F42552295BDB42008DBD8B /* LaunchScreen.storyboard in Resources */,
				C7F4254F295BDB42008DBD8B /* Assets.xcassets in Resources */,
				C7F4254D295BDB41008DBD8B /* Main.storyboard in Resources */,
			);
			runOnlyForDeploymentPostprocessing = 0;
		};
/* End PBXResourcesBuildPhase section */

/* Begin PBXSourcesBuildPhase section */
		C7F4253E295BDB41008DBD8B /* Sources */ = {
			isa = PBXSourcesBuildPhase;
			buildActionMask = 2147483647;
			files = (
				C7F4255A295BDCC4008DBD8B /* LocationManager.swift in Sources */,
				C7F4254A295BDB41008DBD8B /* ViewController.swift in Sources */,
				C7F42546295BDB41008DBD8B /* AppDelegate.swift in Sources */,
				C7F42548295BDB41008DBD8B /* SceneDelegate.swift in Sources */,
				C75E5CFD295E9B4500123B56 /* NetworkReachability.swift in Sources */,
			);
			runOnlyForDeploymentPostprocessing = 0;
		};
/* End PBXSourcesBuildPhase section */

/* Begin PBXVariantGroup section */
		C7F4254B295BDB41008DBD8B /* Main.storyboard */ = {
			isa = PBXVariantGroup;
			children = (
				C7F4254C295BDB41008DBD8B /* Base */,
			);
			name = Main.storyboard;
			sourceTree = "<group>";
		};
		C7F42550295BDB42008DBD8B /* LaunchScreen.storyboard */ = {
			isa = PBXVariantGroup;
			children = (
				C7F42551295BDB42008DBD8B /* Base */,
			);
			name = LaunchScreen.storyboard;
			sourceTree = "<group>";
		};
/* End PBXVariantGroup section */

/* Begin XCBuildConfiguration section */
		C7F42554295BDB42008DBD8B /* Debug */ = {
			isa = XCBuildConfiguration;
			buildSettings = {
				ALWAYS_SEARCH_USER_PATHS = NO;
				CLANG_ANALYZER_NONNULL = YES;
				CLANG_ANALYZER_NUMBER_OBJECT_CONVERSION = YES_AGGRESSIVE;
				CLANG_CXX_LANGUAGE_STANDARD = "gnu++14";
				CLANG_CXX_LIBRARY = "libc++";
				CLANG_ENABLE_MODULES = YES;
				CLANG_ENABLE_OBJC_ARC = YES;
				CLANG_ENABLE_OBJC_WEAK = YES;
				CLANG_WARN_BLOCK_CAPTURE_AUTORELEASING = YES;
				CLANG_WARN_BOOL_CONVERSION = YES;
				CLANG_WARN_COMMA = YES;
				CLANG_WARN_CONSTANT_CONVERSION = YES;
				CLANG_WARN_DEPRECATED_OBJC_IMPLEMENTATIONS = YES;
				CLANG_WARN_DIRECT_OBJC_ISA_USAGE = YES_ERROR;
				CLANG_WARN_DOCUMENTATION_COMMENTS = YES;
				CLANG_WARN_EMPTY_BODY = YES;
				CLANG_WARN_ENUM_CONVERSION = YES;
				CLANG_WARN_INFINITE_RECURSION = YES;
				CLANG_WARN_INT_CONVERSION = YES;
				CLANG_WARN_NON_LITERAL_NULL_CONVERSION = YES;
				CLANG_WARN_OBJC_IMPLICIT_RETAIN_SELF = YES;
				CLANG_WARN_OBJC_LITERAL_CONVERSION = YES;
				CLANG_WARN_OBJC_ROOT_CLASS = YES_ERROR;
				CLANG_WARN_QUOTED_INCLUDE_IN_FRAMEWORK_HEADER = YES;
				CLANG_WARN_RANGE_LOOP_ANALYSIS = YES;
				CLANG_WARN_STRICT_PROTOTYPES = YES;
				CLANG_WARN_SUSPICIOUS_MOVE = YES;
				CLANG_WARN_UNGUARDED_AVAILABILITY = YES_AGGRESSIVE;
				CLANG_WARN_UNREACHABLE_CODE = YES;
				CLANG_WARN__DUPLICATE_METHOD_MATCH = YES;
				COPY_PHASE_STRIP = NO;
				DEBUG_INFORMATION_FORMAT = dwarf;
				ENABLE_STRICT_OBJC_MSGSEND = YES;
				ENABLE_TESTABILITY = YES;
				GCC_C_LANGUAGE_STANDARD = gnu11;
				GCC_DYNAMIC_NO_PIC = NO;
				GCC_NO_COMMON_BLOCKS = YES;
				GCC_OPTIMIZATION_LEVEL = 0;
				GCC_PREPROCESSOR_DEFINITIONS = (
					"DEBUG=1",
					"$(inherited)",
				);
				GCC_WARN_64_TO_32_BIT_CONVERSION = YES;
				GCC_WARN_ABOUT_RETURN_TYPE = YES_ERROR;
				GCC_WARN_UNDECLARED_SELECTOR = YES;
				GCC_WARN_UNINITIALIZED_AUTOS = YES_AGGRESSIVE;
				GCC_WARN_UNUSED_FUNCTION = YES;
				GCC_WARN_UNUSED_VARIABLE = YES;
				IPHONEOS_DEPLOYMENT_TARGET = 14.5;
				MTL_ENABLE_DEBUG_INFO = INCLUDE_SOURCE;
				MTL_FAST_MATH = YES;
				ONLY_ACTIVE_ARCH = YES;
				SDKROOT = iphoneos;
				SWIFT_ACTIVE_COMPILATION_CONDITIONS = DEBUG;
				SWIFT_OPTIMIZATION_LEVEL = "-Onone";
			};
			name = Debug;
		};
		C7F42555295BDB42008DBD8B /* Release */ = {
			isa = XCBuildConfiguration;
			buildSettings = {
				ALWAYS_SEARCH_USER_PATHS = NO;
				CLANG_ANALYZER_NONNULL = YES;
				CLANG_ANALYZER_NUMBER_OBJECT_CONVERSION = YES_AGGRESSIVE;
				CLANG_CXX_LANGUAGE_STANDARD = "gnu++14";
				CLANG_CXX_LIBRARY = "libc++";
				CLANG_ENABLE_MODULES = YES;
				CLANG_ENABLE_OBJC_ARC = YES;
				CLANG_ENABLE_OBJC_WEAK = YES;
				CLANG_WARN_BLOCK_CAPTURE_AUTORELEASING = YES;
				CLANG_WARN_BOOL_CONVERSION = YES;
				CLANG_WARN_COMMA = YES;
				CLANG_WARN_CONSTANT_CONVERSION = YES;
				CLANG_WARN_DEPRECATED_OBJC_IMPLEMENTATIONS = YES;
				CLANG_WARN_DIRECT_OBJC_ISA_USAGE = YES_ERROR;
				CLANG_WARN_DOCUMENTATION_COMMENTS = YES;
				CLANG_WARN_EMPTY_BODY = YES;
				CLANG_WARN_ENUM_CONVERSION = YES;
				CLANG_WARN_INFINITE_RECURSION = YES;
				CLANG_WARN_INT_CONVERSION = YES;
				CLANG_WARN_NON_LITERAL_NULL_CONVERSION = YES;
				CLANG_WARN_OBJC_IMPLICIT_RETAIN_SELF = YES;
				CLANG_WARN_OBJC_LITERAL_CONVERSION = YES;
				CLANG_WARN_OBJC_ROOT_CLASS = YES_ERROR;
				CLANG_WARN_QUOTED_INCLUDE_IN_FRAMEWORK_HEADER = YES;
				CLANG_WARN_RANGE_LOOP_ANALYSIS = YES;
				CLANG_WARN_STRICT_PROTOTYPES = YES;
				CLANG_WARN_SUSPICIOUS_MOVE = YES;
				CLANG_WARN_UNGUARDED_AVAILABILITY = YES_AGGRESSIVE;
				CLANG_WARN_UNREACHABLE_CODE = YES;
				CLANG_WARN__DUPLICATE_METHOD_MATCH = YES;
				COPY_PHASE_STRIP = NO;
				DEBUG_INFORMATION_FORMAT = "dwarf-with-dsym";
				ENABLE_NS_ASSERTIONS = NO;
				ENABLE_STRICT_OBJC_MSGSEND = YES;
				GCC_C_LANGUAGE_STANDARD = gnu11;
				GCC_NO_COMMON_BLOCKS = YES;
				GCC_WARN_64_TO_32_BIT_CONVERSION = YES;
				GCC_WARN_ABOUT_RETURN_TYPE = YES_ERROR;
				GCC_WARN_UNDECLARED_SELECTOR = YES;
				GCC_WARN_UNINITIALIZED_AUTOS = YES_AGGRESSIVE;
				GCC_WARN_UNUSED_FUNCTION = YES;
				GCC_WARN_UNUSED_VARIABLE = YES;
				IPHONEOS_DEPLOYMENT_TARGET = 14.5;
				MTL_ENABLE_DEBUG_INFO = NO;
				MTL_FAST_MATH = YES;
				SDKROOT = iphoneos;
				SWIFT_COMPILATION_MODE = wholemodule;
				SWIFT_OPTIMIZATION_LEVEL = "-O";
				VALIDATE_PRODUCT = YES;
			};
			name = Release;
		};
		C7F42557295BDB42008DBD8B /* Debug */ = {
			isa = XCBuildConfiguration;
			buildSettings = {
				ASSETCATALOG_COMPILER_APPICON_NAME = AppIcon;
				ASSETCATALOG_COMPILER_GLOBAL_ACCENT_COLOR_NAME = AccentColor;
				CODE_SIGN_STYLE = Automatic;
				DEVELOPMENT_TEAM = J8P3J89772;
				INFOPLIST_FILE = MetroAlert/Info.plist;
				LD_RUNPATH_SEARCH_PATHS = (
					"$(inherited)",
					"@executable_path/Frameworks",
				);
				PRODUCT_BUNDLE_IDENTIFIER = com.caleb.cho.MetroAlert;
				PRODUCT_NAME = "$(TARGET_NAME)";
				SWIFT_VERSION = 5.0;
				TARGETED_DEVICE_FAMILY = "1,2";
			};
			name = Debug;
		};
		C7F42558295BDB42008DBD8B /* Release */ = {
			isa = XCBuildConfiguration;
			buildSettings = {
				ASSETCATALOG_COMPILER_APPICON_NAME = AppIcon;
				ASSETCATALOG_COMPILER_GLOBAL_ACCENT_COLOR_NAME = AccentColor;
				CODE_SIGN_STYLE = Automatic;
				DEVELOPMENT_TEAM = J8P3J89772;
				INFOPLIST_FILE = MetroAlert/Info.plist;
				LD_RUNPATH_SEARCH_PATHS = (
					"$(inherited)",
					"@executable_path/Frameworks",
				);
				PRODUCT_BUNDLE_IDENTIFIER = com.caleb.cho.MetroAlert;
				PRODUCT_NAME = "$(TARGET_NAME)";
				SWIFT_VERSION = 5.0;
				TARGETED_DEVICE_FAMILY = "1,2";
			};
			name = Release;
		};
/* End XCBuildConfiguration section */

/* Begin XCConfigurationList section */
		C7F4253D295BDB41008DBD8B /* Build configuration list for PBXProject "MetroAlert" */ = {
			isa = XCConfigurationList;
			buildConfigurations = (
				C7F42554295BDB42008DBD8B /* Debug */,
				C7F42555295BDB42008DBD8B /* Release */,
			);
			defaultConfigurationIsVisible = 0;
			defaultConfigurationName = Release;
		};
		C7F42556295BDB42008DBD8B /* Build configuration list for PBXNativeTarget "MetroAlert" */ = {
			isa = XCConfigurationList;
			buildConfigurations = (
				C7F42557295BDB42008DBD8B /* Debug */,
				C7F42558295BDB42008DBD8B /* Release */,
			);
			defaultConfigurationIsVisible = 0;
			defaultConfigurationName = Release;
		};
/* End XCConfigurationList section */
	};
	rootObject = C7F4253A295BDB41008DBD8B /* Project object */;
}
